Microsoft Visual Studio Solution File, Format Version 12.00
# Visual Studio Version 17
VisualStudioVersion = 17.0.31903.59
MinimumVisualStudioVersion = 10.0.40219.1
Project("{FAE04EC0-301F-11D3-BF4B-00C04F79EFBC}") = "ProjetoSOLID.Api", "src\ProjetoSOLID.Api\ProjetoSOLID.Api.csproj", "{FF3EFC37-EA93-36CD-3438-671C1047F289}"
EndProject
Project("{FAE04EC0-301F-11D3-BF4B-00C04F79EFBC}") = "ProjetoSOLID.Application", "src\ProjetoSOLID.Application\ProjetoSOLID.Application.csproj", "{4A323C59-2FE3-6864-A595-1A899E707100}"
EndProject
Project("{FAE04EC0-301F-11D3-BF4B-00C04F79EFBC}") = "ProjetoSOLID.Domain", "src\ProjetoSOLID.Domain\ProjetoSOLID.Domain.csproj", "{627EA145-3BAA-D16B-CA4F-9D13CC419C2E}"
EndProject
Project("{FAE04EC0-301F-11D3-BF4B-00C04F79EFBC}") = "ProjetoSOLID.Infrastructure", "src\ProjetoSOLID.Infrastructure\ProjetoSOLID.Infrastructure.csproj", "{2BC0B821-E99F-5C84-1C4D-FAF3D636FEE5}"
EndProject
Global
	GlobalSection(SolutionConfigurationPlatforms) = preSolution
		Debug|Any CPU = Debug|Any CPU
		Release|Any CPU = Release|Any CPU
	EndGlobalSection
	GlobalSection(ProjectConfigurationPlatforms) = postSolution
		{FF3EFC37-EA93-36CD-3438-671C1047F289}.Debug|Any CPU.ActiveCfg = Debug|Any CPU
		{FF3EFC37-EA93-36CD-3438-671C1047F289}.Debug|Any CPU.Build.0 = Debug|Any CPU
		{FF3EFC37-EA93-36CD-3438-671C1047F289}.Release|Any CPU.ActiveCfg = Release|Any CPU
		{FF3EFC37-EA93-36CD-3438-671C1047F289}.Release|Any CPU.Build.0 = Release|Any CPU
		{4A323C59-2FE3-6864-A595-1A899E707100}.Debug|Any CPU.ActiveCfg = Debug|Any CPU
		{4A323C59-2FE3-6864-A595-1A899E707100}.Debug|Any CPU.Build.0 = Debug|Any CPU
		{4A323C59-2FE3-6864-A595-1A899E707100}.Release|Any CPU.ActiveCfg = Release|Any CPU
		{4A323C59-2FE3-6864-A595-1A899E707100}.Release|Any CPU.Build.0 = Release|Any CPU
		{627EA145-3BAA-D16B-CA4F-9D13CC419C2E}.Debug|Any CPU.ActiveCfg = Debug|Any CPU
		{627EA145-3BAA-D16B-CA4F-9D13CC419C2E}.Debug|Any CPU.Build.0 = Debug|Any CPU
		{627EA145-3BAA-D16B-CA4F-9D13CC419C2E}.Release|Any CPU.ActiveCfg = Release|Any CPU
		{627EA145-3BAA-D16B-CA4F-9D13CC419C2E}.Release|Any CPU.Build.0 = Release|Any CPU
		{2BC0B821-E99F-5C84-1C4D-FAF3D636FEE5}.Debug|Any CPU.ActiveCfg = Debug|Any CPU
		{2BC0B821-E99F-5C84-1C4D-FAF3D636FEE5}.Debug|Any CPU.Build.0 = Debug|Any CPU
		{2BC0B821-E99F-5C84-1C4D-FAF3D636FEE5}.Release|Any CPU.ActiveCfg = Release|Any CPU
		{2BC0B821-E99F-5C84-1C4D-FAF3D636FEE5}.Release|Any CPU.Build.0 = Release|Any CPU
	EndGlobalSection
	GlobalSection(SolutionProperties) = preSolution
		HideSolutionNode = FALSE
	EndGlobalSection
	GlobalSection(ExtensibilityGlobals) = postSolution
		SolutionGuid = {02B34636-068D-4F7F-967B-FFFAAEEF9B2E}
	EndGlobalSection
EndGlobal
